
Microsoft Visual Studio Solution File, Format Version 12.00
# Visual Studio Version 16
VisualStudioVersion = 16.0.30413.136
MinimumVisualStudioVersion = 10.0.40219.1
Project("{FAE04EC0-301F-11D3-BF4B-00C04F79EFBC}") = "CodingChallenge", "CodingChallenge\CodingChallenge.csproj", "{58517778-63C6-4724-9E96-38685CB17962}"
EndProject
Global
	GlobalSection(SolutionConfigurationPlatforms) = preSolution
		Debug|Any CPU = Debug|Any CPU
		Release|Any CPU = Release|Any CPU
	EndGlobalSection
	GlobalSection(ProjectConfigurationPlatforms) = postSolution
		{58517778-63C6-4724-9E96-38685CB17962}.Debug|Any CPU.ActiveCfg = Debug|Any CPU
		{58517778-63C6-4724-9E96-38685CB17962}.Debug|Any CPU.Build.0 = Debug|Any CPU
		{58517778-63C6-4724-9E96-38685CB17962}.Release|Any CPU.ActiveCfg = Release|Any CPU
		{58517778-63C6-4724-9E96-38685CB17962}.Release|Any CPU.Build.0 = Release|Any CPU
	EndGlobalSection
	GlobalSection(SolutionProperties) = preSolution
		HideSolutionNode = FALSE
	EndGlobalSection
	GlobalSection(ExtensibilityGlobals) = postSolution
		SolutionGuid = {61BFAF97-1E21-49C8-9EC9-0A1C1FD6C1AA}
	EndGlobalSection
EndGlobal
